// !$*UTF8*$!
{
	archiveVersion = 1;
	classes = {
	};
	objectVersion = 77;
	objects = {

/* Begin PBXBuildFile section */
		637E87DC3008B20C007745D7 /* Core in Frameworks */ = {isa = PBXBuildFile; productRef = 637E87DB3008B20C007745D7 /* Core */; };
		637E87DE3008B20C007745D7 /* Data in Frameworks */ = {isa = PBXBuildFile; productRef = 637E87DD3008B20C007745D7 /* Data */; };
		637E87E03008B20C007745D7 /* Domain in Frameworks */ = {isa = PBXBuildFile; productRef = 637E87DF3008B20C007745D7 /* Domain */; };
		637E87E23008B20C007745D7 /* Presentation in Frameworks */ = {isa = PBXBuildFile; productRef = 637E87E13008B20C007745D7 /* Presentation */; };
/* End PBXBuildFile section */

/* Begin PBXContainerItemProxy section */
		635CA8422FE6F70400F37D88 /* PBXContainerItemProxy */ = {
			isa = PBXContainerItemProxy;
			containerPortal = 635CA82C2FE6F70200F37D88 /* Project object */;
			proxyType = 1;
			remoteGlobalIDString = 635CA8332FE6F70200F37D88;
			remoteInfo = BrewBot;
		};
		635CA84C2FE6F70400F37D88 /* PBXContainerItemProxy */ = {
			isa = PBXContainerItemProxy;
			containerPortal = 635CA82C2FE6F70200F37D88 /* Project object */;
			proxyType = 1;
			remoteGlobalIDString = 635CA8332FE6F70200F37D88;
			remoteInfo = BrewBot;
		};
/* End PBXContainerItemProxy section */

/* Begin PBXFileReference section */
		635CA8342FE6F70200F37D88 /* BrewBot.app */ = {isa = PBXFileReference; explicitFileType = wrapper.application; includeInIndex = 0; path = BrewBot.app; sourceTree = BUILT_PRODUCTS_DIR; };
		635CA8412FE6F70400F37D88 /* BrewBotTests.xctest */ = {isa = PBXFileReference; explicitFileType = wrapper.cfbundle; includeInIndex = 0; path = BrewBotTests.xctest; sourceTree = BUILT_PRODUCTS_DIR; };
		635CA84B2FE6F70400F37D88 /* BrewBotUITests.xctest */ = {isa = PBXFileReference; explicitFileType = wrapper.cfbundle; includeInIndex = 0; path = BrewBotUITests.xctest; sourceTree = BUILT_PRODUCTS_DIR; };
/* End PBXFileReference section */

/* Begin PBXFileSystemSynchronizedBuildFileExceptionSet section */
		637E87D73008B11E007745D7 /* Exceptions for "BrewBot" folder in "BrewBot" target */ = {
			isa = PBXFileSystemSynchronizedBuildFileExceptionSet;
			membershipExceptions = (
				BrewBotPackages,
			);
			target = 635CA8332FE6F70200F37D88 /* BrewBot */;
		};
/* End PBXFileSystemSynchronizedBuildFileExceptionSet section */

/* Begin PBXFileSystemSynchronizedRootGroup section */
		635CA8362FE6F70200F37D88 /* BrewBot */ = {
			isa = PBXFileSystemSynchronizedRootGroup;
			exceptions = (
				637E87D73008B11E007745D7 /* Exceptions for "BrewBot" folder in "BrewBot" target */,
			);
			path = BrewBot;
			sourceTree = "<group>";
		};
		635CA8442FE6F70400F37D88 /* BrewBotTests */ = {
			isa = PBXFileSystemSynchronizedRootGroup;
			path = BrewBotTests;
			sourceTree = "<group>";
		};
		635CA84E2FE6F70400F37D88 /* BrewBotUITests */ = {
			isa = PBXFileSystemSynchronizedRootGroup;
			path = BrewBotUITests;
			sourceTree = "<group>";
		};
/* End PBXFileSystemSynchronizedRootGroup section */

/* Begin PBXFrameworksBuildPhase section */
		635CA8312FE6F70200F37D88 /* Frameworks */ = {
			isa = PBXFrameworksBuildPhase;
			buildActionMask = 2147483647;
			files = (
				637E87E23008B20C007745D7 /* Presentation in Frameworks */,
				637E87E03008B20C007745D7 /* Domain in Frameworks */,
				637E87DE3008B20C007745D7 /* Data in Frameworks */,
				637E87DC3008B20C007745D7 /* Core in Frameworks */,
			);
			runOnlyForDeploymentPostprocessing = 0;
		};
		635CA83E2FE6F70400F37D88 /* Frameworks */ = {
			isa = PBXFrameworksBuildPhase;
			buildActionMask = 2147483647;
			files = (
			);
			runOnlyForDeploymentPostprocessing = 0;
		};
		635CA8482FE6F70400F37D88 /* Frameworks */ = {
			isa = PBXFrameworksBuildPhase;
			buildActionMask = 2147483647;
			files = (
			);
			runOnlyForDeploymentPostprocessing = 0;
		};
/* End PBXFrameworksBuildPhase section */

/* Begin PBXGroup section */
		635CA82B2FE6F70200F37D88 = {
			isa = PBXGroup;
			children = (
				635CA8362FE6F70200F37D88 /* BrewBot */,
				635CA8442FE6F70400F37D88 /* BrewBotTests */,
				635CA84E2FE6F70400F37D88 /* BrewBotUITests */,
				637E87DA3008B203007745D7 /* Frameworks */,
				635CA8352FE6F70200F37D88 /* Products */,
			);
			sourceTree = "<group>";
		};
		635CA8352FE6F70200F37D88 /* Products */ = {
			isa = PBXGroup;
			children = (
				635CA8342FE6F70200F37D88 /* BrewBot.app */,
				635CA8412FE6F70400F37D88 /* BrewBotTests.xctest */,
				635CA84B2FE6F70400F37D88 /* BrewBotUITests.xctest */,
			);
			name = Products;
			sourceTree = "<group>";
		};
		637E87DA3008B203007745D7 /* Frameworks */ = {
			isa = PBXGroup;
			children = (
			);
			name = Frameworks;
			sourceTree = "<group>";
		};
/* End PBXGroup section */

/* Begin PBXNativeTarget section */
		635CA8332FE6F70200F37D88 /* BrewBot */ = {
			isa = PBXNativeTarget;
			buildConfigurationList = 635CA8552FE6F70400F37D88 /* Build configuration list for PBXNativeTarget "BrewBot" */;
			buildPhases = (
				635CA8302FE6F70200F37D88 /* Sources */,
				635CA8312FE6F70200F37D88 /* Frameworks */,
				635CA8322FE6F70200F37D88 /* Resources */,
			);
			buildRules = (
			);
			dependencies = (
			);
			fileSystemSynchronizedGroups = (
				635CA8362FE6F70200F37D88 /* BrewBot */,
			);
			name = BrewBot;
			packageProductDependencies = (
				637E87DB3008B20C007745D7 /* Core */,
				637E87DD3008B20C007745D7 /* Data */,
				637E87DF3008B20C007745D7 /* Domain */,
				637E87E13008B20C007745D7 /* Presentation */,
			);
			productName = BrewBot;
			productReference = 635CA8342FE6F70200F37D88 /* BrewBot.app */;
			productType = "com.apple.product-type.application";
		};
		635CA8402FE6F70400F37D88 /* BrewBotTests */ = {
			isa = PBXNativeTarget;
			buildConfigurationList = 635CA8582FE6F70400F37D88 /* Build configuration list for PBXNativeTarget "BrewBotTests" */;
			buildPhases = (
				635CA83D2FE6F70400F37D88 /* Sources */,
				635CA83E2FE6F70400F37D88 /* Frameworks */,
				635CA83F2FE6F70400F37D88 /* Resources */,
			);
			buildRules = (
			);
			dependencies = (
				635CA8432FE6F70400F37D88 /* PBXTargetDependency */,
			);
			fileSystemSynchronizedGroups = (
				635CA8442FE6F70400F37D88 /* BrewBotTests */,
			);
			name = BrewBotTests;
			packageProductDependencies = (
			);
			productName = BrewBotTests;
			productReference = 635CA8412FE6F70400F37D88 /* BrewBotTests.xctest */;
			productType = "com.apple.product-type.bundle.unit-test";
		};
		635CA84A2FE6F70400F37D88 /* BrewBotUITests */ = {
			isa = PBXNativeTarget;
			buildConfigurationList = 635CA85B2FE6F70400F37D88 /* Build configuration list for PBXNativeTarget "BrewBotUITests" */;
			buildPhases = (
				635CA8472FE6F70400F37D88 /* Sources */,
				635CA8482FE6F70400F37D88 /* Frameworks */,
				635CA8492FE6F70400F37D88 /* Resources */,
			);
			buildRules = (
			);
			dependencies = (
				635CA84D2FE6F70400F37D88 /* PBXTargetDependency */,
			);
			fileSystemSynchronizedGroups = (
				635CA84E2FE6F70400F37D88 /* BrewBotUITests */,
			);
			name = BrewBotUITests;
			packageProductDependencies = (
			);
			productName = BrewBotUITests;
			productReference = 635CA84B2FE6F70400F37D88 /* BrewBotUITests.xctest */;
			productType = "com.apple.product-type.bundle.ui-testing";
		};
/* End PBXNativeTarget section */

/* Begin PBXProject section */
		635CA82C2FE6F70200F37D88 /* Project object */ = {
			isa = PBXProject;
			attributes = {
				BuildIndependentTargetsInParallel = 1;
				LastSwiftUpdateCheck = 2650;
				LastUpgradeCheck = 2650;
				TargetAttributes = {
					635CA8332FE6F70200F37D88 = {
						CreatedOnToolsVersion = 26.5;
					};
					635CA8402FE6F70400F37D88 = {
						CreatedOnToolsVersion = 26.5;
						TestTargetID = 635CA8332FE6F70200F37D88;
					};
					635CA84A2FE6F70400F37D88 = {
						CreatedOnToolsVersion = 26.5;
						TestTargetID = 635CA8332FE6F70200F37D88;
					};
				};
			};
			buildConfigurationList = 635CA82F2FE6F70200F37D88 /* Build configuration list for PBXProject "BrewBot" */;
			developmentRegion = en;
			hasScannedForEncodings = 0;
			knownRegions = (
				en,
				Base,
			);
			mainGroup = 635CA82B2FE6F70200F37D88;
			minimizedProjectReferenceProxies = 1;
			preferredProjectObjectVersion = 77;
			productRefGroup = 635CA8352FE6F70200F37D88 /* Products */;
			projectDirPath = "";
			projectRoot = "";
			targets = (
				635CA8332FE6F70200F37D88 /* BrewBot */,
				635CA8402FE6F70400F37D88 /* BrewBotTests */,
				635CA84A2FE6F70400F37D88 /* BrewBotUITests */,
			);
		};
/* End PBXProject section */

/* Begin PBXResourcesBuildPhase section */
		635CA8322FE6F70200F37D88 /* Resources */ = {
			isa = PBXResourcesBuildPhase;
			buildActionMask = 2147483647;
			files = (
			);
			runOnlyForDeploymentPostprocessing = 0;
		};
		635CA83F2FE6F70400F37D88 /* Resources */ = {
			isa = PBXResourcesBuildPhase;
			buildActionMask = 2147483647;
			files = (
			);
			runOnlyForDeploymentPostprocessing = 0;
		};
		635CA8492FE6F70400F37D88 /* Resources */ = {
			isa = PBXResourcesBuildPhase;
			buildActionMask = 2147483647;
			files = (
			);
			runOnlyForDeploymentPostprocessing = 0;
		};
/* End PBXResourcesBuildPhase section */

/* Begin PBXSourcesBuildPhase section */
		635CA8302FE6F70200F37D88 /* Sources */ = {
			isa = PBXSourcesBuildPhase;
			buildActionMask = 2147483647;
			files = (
			);
			runOnlyForDeploymentPostprocessing = 0;
		};
		635CA83D2FE6F70400F37D88 /* Sources */ = {
			isa = PBXSourcesBuildPhase;
			buildActionMask = 2147483647;
			files = (
			);
			runOnlyForDeploymentPostprocessing = 0;
		};
		635CA8472FE6F70400F37D88 /* Sources */ = {
			isa = PBXSourcesBuildPhase;
			buildActionMask = 2147483647;
			files = (
			);
			runOnlyForDeploymentPostprocessing = 0;
		};
/* End PBXSourcesBuildPhase section */

/* Begin PBXTargetDependency section */
		635CA8432FE6F70400F37D88 /* PBXTargetDependency */ = {
			isa = PBXTargetDependency;
			target = 635CA8332FE6F70200F37D88 /* BrewBot */;
			targetProxy = 635CA8422FE6F70400F37D88 /* PBXContainerItemProxy */;
		};
		635CA84D2FE6F70400F37D88 /* PBXTargetDependency */ = {
			isa = PBXTargetDependency;
			target = 635CA8332FE6F70200F37D88 /* BrewBot */;
			targetProxy = 635CA84C2FE6F70400F37D88 /* PBXContainerItemProxy */;
		};
/* End PBXTargetDependency section */

/* Begin XCBuildConfiguration section */
		635CA8532FE6F70400F37D88 /* Debug */ = {
			isa = XCBuildConfiguration;
			buildSettings = {
				ALWAYS_SEARCH_USER_PATHS = NO;
				ASSETCATALOG_COMPILER_GENERATE_SWIFT_ASSET_SYMBOL_EXTENSIONS = YES;
				CLANG_ANALYZER_NONNULL = YES;
				CLANG_ANALYZER_NUMBER_OBJECT_CONVERSION = YES_AGGRESSIVE;
				CLANG_CXX_LANGUAGE_STANDARD = "gnu++20";
				CLANG_ENABLE_MODULES = YES;
				CLANG_ENABLE_OBJC_ARC = YES;
				CLANG_ENABLE_OBJC_WEAK = YES;
				CLANG_WARN_BLOCK_CAPTURE_AUTORELEASING = YES;
				CLANG_WARN_BOOL_CONVERSION = YES;
				CLANG_WARN_COMMA = YES;
				CLANG_WARN_CONSTANT_CONVERSION = YES;
				CLANG_WARN_DEPRECATED_OBJC_IMPLEMENTATIONS = YES;
				CLANG_WARN_DIRECT_OBJC_ISA_USAGE = YES_ERROR;
				CLANG_WARN_DOCUMENTATION_COMMENTS = YES;
				CLANG_WARN_EMPTY_BODY = YES;
				CLANG_WARN_ENUM_CONVERSION = YES;
				CLANG_WARN_INFINITE_RECURSION = YES;
				CLANG_WARN_INT_CONVERSION = YES;
				CLANG_WARN_NON_LITERAL_NULL_CONVERSION = YES;
				CLANG_WARN_OBJC_IMPLICIT_RETAIN_SELF = YES;
				CLANG_WARN_OBJC_LITERAL_CONVERSION = YES;
				CLANG_WARN_OBJC_ROOT_CLASS = YES_ERROR;
				CLANG_WARN_QUOTED_INCLUDE_IN_FRAMEWORK_HEADER = YES;
				CLANG_WARN_RANGE_LOOP_ANALYSIS = YES;
				CLANG_WARN_STRICT_PROTOTYPES = YES;
				CLANG_WARN_SUSPICIOUS_MOVE = YES;
				CLANG_WARN_UNGUARDED_AVAILABILITY = YES_AGGRESSIVE;
				CLANG_WARN_UNREACHABLE_CODE = YES;
				CLANG_WARN__DUPLICATE_METHOD_MATCH = YES;
				COPY_PHASE_STRIP = NO;
				DEBUG_INFORMATION_FORMAT = dwarf;
				DEVELOPMENT_TEAM = KWBN44RW23;
				ENABLE_STRICT_OBJC_MSGSEND = YES;
				ENABLE_TESTABILITY = YES;
				ENABLE_USER_SCRIPT_SANDBOXING = YES;
				GCC_C_LANGUAGE_STANDARD = gnu17;
				GCC_DYNAMIC_NO_PIC = NO;
				GCC_NO_COMMON_BLOCKS = YES;
				GCC_OPTIMIZATION_LEVEL = 0;
				GCC_PREPROCESSOR_DEFINITIONS = (
					"DEBUG=1",
					"$(inherited)",
				);
				GCC_WARN_64_TO_32_BIT_CONVERSION = YES;
				GCC_WARN_ABOUT_RETURN_TYPE = YES_ERROR;
				GCC_WARN_UNDECLARED_SELECTOR = YES;
				GCC_WARN_UNINITIALIZED_AUTOS = YES_AGGRESSIVE;
				GCC_WARN_UNUSED_FUNCTION = YES;
				GCC_WARN_UNUSED_VARIABLE = YES;
				IPHONEOS_DEPLOYMENT_TARGET = 26.5;
				LOCALIZATION_PREFERS_STRING_CATALOGS = YES;
				MTL_ENABLE_DEBUG_INFO = INCLUDE_SOURCE;
				MTL_FAST_MATH = YES;
				ONLY_ACTIVE_ARCH = YES;
				SDKROOT = iphoneos;
				SWIFT_ACTIVE_COMPILATION_CONDITIONS = "DEBUG $(inherited)";
				SWIFT_OPTIMIZATION_LEVEL = "-Onone";
			};
			name = Debug;
		};
		635CA8542FE6F70400F37D88 /* Release */ = {
			isa = XCBuildConfiguration;
			buildSettings = {
				ALWAYS_SEARCH_USER_PATHS = NO;
				ASSETCATALOG_COMPILER_GENERATE_SWIFT_ASSET_SYMBOL_EXTENSIONS = YES;
				CLANG_ANALYZER_NONNULL = YES;
				CLANG_ANALYZER_NUMBER_OBJECT_CONVERSION = YES_AGGRESSIVE;
				CLANG_CXX_LANGUAGE_STANDARD = "gnu++20";
				CLANG_ENABLE_MODULES = YES;
				CLANG_ENABLE_OBJC_ARC = YES;
				CLANG_ENABLE_OBJC_WEAK = YES;
				CLANG_WARN_BLOCK_CAPTURE_AUTORELEASING = YES;
				CLANG_WARN_BOOL_CONVERSION = YES;
				CLANG_WARN_COMMA = YES;
				CLANG_WARN_CONSTANT_CONVERSION = YES;
				CLANG_WARN_DEPRECATED_OBJC_IMPLEMENTATIONS = YES;
				CLANG_WARN_DIRECT_OBJC_ISA_USAGE = YES_ERROR;
				CLANG_WARN_DOCUMENTATION_COMMENTS = YES;
				CLANG_WARN_EMPTY_BODY = YES;
				CLANG_WARN_ENUM_CONVERSION = YES;
				CLANG_WARN_INFINITE_RECURSION = YES;
				CLANG_WARN_INT_CONVERSION = YES;
				CLANG_WARN_NON_LITERAL_NULL_CONVERSION = YES;
				CLANG_WARN_OBJC_IMPLICIT_RETAIN_SELF = YES;
				CLANG_WARN_OBJC_LITERAL_CONVERSION = YES;
				CLANG_WARN_OBJC_ROOT_CLASS = YES_ERROR;
				CLANG_WARN_QUOTED_INCLUDE_IN_FRAMEWORK_HEADER = YES;
				CLANG_WARN_RANGE_LOOP_ANALYSIS = YES;
				CLANG_WARN_STRICT_PROTOTYPES = YES;
				CLANG_WARN_SUSPICIOUS_MOVE = YES;
				CLANG_WARN_UNGUARDED_AVAILABILITY = YES_AGGRESSIVE;
				CLANG_WARN_UNREACHABLE_CODE = YES;
				CLANG_WARN__DUPLICATE_METHOD_MATCH = YES;
				COPY_PHASE_STRIP = NO;
				DEBUG_INFORMATION_FORMAT = "dwarf-with-dsym";
				DEVELOPMENT_TEAM = KWBN44RW23;
				ENABLE_NS_ASSERTIONS = NO;
				ENABLE_STRICT_OBJC_MSGSEND = YES;
				ENABLE_USER_SCRIPT_SANDBOXING = YES;
				GCC_C_LANGUAGE_STANDARD = gnu17;
				GCC_NO_COMMON_BLOCKS = YES;
				GCC_WARN_64_TO_32_BIT_CONVERSION = YES;
				GCC_WARN_ABOUT_RETURN_TYPE = YES_ERROR;
				GCC_WARN_UNDECLARED_SELECTOR = YES;
				GCC_WARN_UNINITIALIZED_AUTOS = YES_AGGRESSIVE;
				GCC_WARN_UNUSED_FUNCTION = YES;
				GCC_WARN_UNUSED_VARIABLE = YES;
				IPHONEOS_DEPLOYMENT_TARGET = 26.5;
				LOCALIZATION_PREFERS_STRING_CATALOGS = YES;
				MTL_ENABLE_DEBUG_INFO = NO;
				MTL_FAST_MATH = YES;
				SDKROOT = iphoneos;
				SWIFT_COMPILATION_MODE = wholemodule;
				VALIDATE_PRODUCT = YES;
			};
			name = Release;
		};
		635CA8562FE6F70400F37D88 /* Debug */ = {
			isa = XCBuildConfiguration;
			buildSettings = {
				ASSETCATALOG_COMPILER_APPICON_NAME = AppIcon;
				ASSETCATALOG_COMPILER_GLOBAL_ACCENT_COLOR_NAME = AccentColor;
				CODE_SIGN_STYLE = Automatic;
				CURRENT_PROJECT_VERSION = 1;
				DEVELOPMENT_TEAM = KWBN44RW23;
				ENABLE_PREVIEWS = YES;
				GENERATE_INFOPLIST_FILE = YES;
				INFOPLIST_KEY_UIApplicationSceneManifest_Generation = YES;
				INFOPLIST_KEY_UIApplicationSupportsIndirectInputEvents = YES;
				INFOPLIST_KEY_UILaunchScreen_Generation = YES;
				INFOPLIST_KEY_UISupportedInterfaceOrientations_iPad = "UIInterfaceOrientationPortrait UIInterfaceOrientationPortraitUpsideDown UIInterfaceOrientationLandscapeLeft UIInterfaceOrientationLandscapeRight";
				INFOPLIST_KEY_UISupportedInterfaceOrientations_iPhone = "UIInterfaceOrientationPortrait UIInterfaceOrientationLandscapeLeft UIInterfaceOrientationLandscapeRight";
				LD_RUNPATH_SEARCH_PATHS = (
					"$(inherited)",
					"@executable_path/Frameworks",
				);
				MARKETING_VERSION = 1.0;
				PRODUCT_BUNDLE_IDENTIFIER = dev.yuukisoft.BrewBot;
				PRODUCT_NAME = "$(TARGET_NAME)";
				STRING_CATALOG_GENERATE_SYMBOLS = YES;
				SWIFT_APPROACHABLE_CONCURRENCY = YES;
				SWIFT_DEFAULT_ACTOR_ISOLATION = MainActor;
				SWIFT_EMIT_LOC_STRINGS = YES;
				SWIFT_UPCOMING_FEATURE_MEMBER_IMPORT_VISIBILITY = YES;
				SWIFT_VERSION = 5.0;
				TARGETED_DEVICE_FAMILY = "1,2";
			};
			name = Debug;
		};
		635CA8572FE6F70400F37D88 /* Release */ = {
			isa = XCBuildConfiguration;
			buildSettings = {
				ASSETCATALOG_COMPILER_APPICON_NAME = AppIcon;
				ASSETCATALOG_COMPILER_GLOBAL_ACCENT_COLOR_NAME = AccentColor;
				CODE_SIGN_STYLE = Automatic;
				CURRENT_PROJECT_VERSION = 1;
				DEVELOPMENT_TEAM = KWBN44RW23;
				ENABLE_PREVIEWS = YES;
				GENERATE_INFOPLIST_FILE = YES;
				INFOPLIST_KEY_UIApplicationSceneManifest_Generation = YES;
				INFOPLIST_KEY_UIApplicationSupportsIndirectInputEvents = YES;
				INFOPLIST_KEY_UILaunchScreen_Generation = YES;
				INFOPLIST_KEY_UISupportedInterfaceOrientations_iPad = "UIInterfaceOrientationPortrait UIInterfaceOrientationPortraitUpsideDown UIInterfaceOrientationLandscapeLeft UIInterfaceOrientationLandscapeRight";
				INFOPLIST_KEY_UISupportedInterfaceOrientations_iPhone = "UIInterfaceOrientationPortrait UIInterfaceOrientationLandscapeLeft UIInterfaceOrientationLandscapeRight";
				LD_RUNPATH_SEARCH_PATHS = (
					"$(inherited)",
					"@executable_path/Frameworks",
				);
				MARKETING_VERSION = 1.0;
				PRODUCT_BUNDLE_IDENTIFIER = dev.yuukisoft.BrewBot;
				PRODUCT_NAME = "$(TARGET_NAME)";
				STRING_CATALOG_GENERATE_SYMBOLS = YES;
				SWIFT_APPROACHABLE_CONCURRENCY = YES;
				SWIFT_DEFAULT_ACTOR_ISOLATION = MainActor;
				SWIFT_EMIT_LOC_STRINGS = YES;
				SWIFT_UPCOMING_FEATURE_MEMBER_IMPORT_VISIBILITY = YES;
				SWIFT_VERSION = 5.0;
				TARGETED_DEVICE_FAMILY = "1,2";
			};
			name = Release;
		};
		635CA8592FE6F70400F37D88 /* Debug */ = {
			isa = XCBuildConfiguration;
			buildSettings = {
				BUNDLE_LOADER = "$(TEST_HOST)";
				CODE_SIGN_STYLE = Automatic;
				CURRENT_PROJECT_VERSION = 1;
				DEVELOPMENT_TEAM = KWBN44RW23;
				GENERATE_INFOPLIST_FILE = YES;
				IPHONEOS_DEPLOYMENT_TARGET = 26.5;
				MARKETING_VERSION = 1.0;
				PRODUCT_BUNDLE_IDENTIFIER = dev.yuukisoft.BrewBotTests;
				PRODUCT_NAME = "$(TARGET_NAME)";
				STRING_CATALOG_GENERATE_SYMBOLS = NO;
				SWIFT_APPROACHABLE_CONCURRENCY = YES;
				SWIFT_EMIT_LOC_STRINGS = NO;
				SWIFT_UPCOMING_FEATURE_MEMBER_IMPORT_VISIBILITY = YES;
				SWIFT_VERSION = 5.0;
				TARGETED_DEVICE_FAMILY = "1,2";
				TEST_HOST = "$(BUILT_PRODUCTS_DIR)/BrewBot.app/$(BUNDLE_EXECUTABLE_FOLDER_PATH)/BrewBot";
			};
			name = Debug;
		};
		635CA85A2FE6F70400F37D88 /* Release */ = {
			isa = XCBuildConfiguration;
			buildSettings = {
				BUNDLE_LOADER = "$(TEST_HOST)";
				CODE_SIGN_STYLE = Automatic;
				CURRENT_PROJECT_VERSION = 1;
				DEVELOPMENT_TEAM = KWBN44RW23;
				GENERATE_INFOPLIST_FILE = YES;
				IPHONEOS_DEPLOYMENT_TARGET = 26.5;
				MARKETING_VERSION = 1.0;
				PRODUCT_BUNDLE_IDENTIFIER = dev.yuukisoft.BrewBotTests;
				PRODUCT_NAME = "$(TARGET_NAME)";
				STRING_CATALOG_GENERATE_SYMBOLS = NO;
				SWIFT_APPROACHABLE_CONCURRENCY = YES;
				SWIFT_EMIT_LOC_STRINGS = NO;
				SWIFT_UPCOMING_FEATURE_MEMBER_IMPORT_VISIBILITY = YES;
				SWIFT_VERSION = 5.0;
				TARGETED_DEVICE_FAMILY = "1,2";
				TEST_HOST = "$(BUILT_PRODUCTS_DIR)/BrewBot.app/$(BUNDLE_EXECUTABLE_FOLDER_PATH)/BrewBot";
			};
			name = Release;
		};
		635CA85C2FE6F70400F37D88 /* Debug */ = {
			isa = XCBuildConfiguration;
			buildSettings = {
				CODE_SIGN_STYLE = Automatic;
				CURRENT_PROJECT_VERSION = 1;
				DEVELOPMENT_TEAM = KWBN44RW23;
				GENERATE_INFOPLIST_FILE = YES;
				MARKETING_VERSION = 1.0;
				PRODUCT_BUNDLE_IDENTIFIER = dev.yuukisoft.BrewBotUITests;
				PRODUCT_NAME = "$(TARGET_NAME)";
				STRING_CATALOG_GENERATE_SYMBOLS = NO;
				SWIFT_APPROACHABLE_CONCURRENCY = YES;
				SWIFT_EMIT_LOC_STRINGS = NO;
				SWIFT_UPCOMING_FEATURE_MEMBER_IMPORT_VISIBILITY = YES;
				SWIFT_VERSION = 5.0;
				TARGETED_DEVICE_FAMILY = "1,2";
				TEST_TARGET_NAME = BrewBot;
			};
			name = Debug;
		};
		635CA85D2FE6F70400F37D88 /* Release */ = {
			isa = XCBuildConfiguration;
			buildSettings = {
				CODE_SIGN_STYLE = Automatic;
				CURRENT_PROJECT_VERSION = 1;
				DEVELOPMENT_TEAM = KWBN44RW23;
				GENERATE_INFOPLIST_FILE = YES;
				MARKETING_VERSION = 1.0;
				PRODUCT_BUNDLE_IDENTIFIER = dev.yuukisoft.BrewBotUITests;
				PRODUCT_NAME = "$(TARGET_NAME)";
				STRING_CATALOG_GENERATE_SYMBOLS = NO;
				SWIFT_APPROACHABLE_CONCURRENCY = YES;
				SWIFT_EMIT_LOC_STRINGS = NO;
				SWIFT_UPCOMING_FEATURE_MEMBER_IMPORT_VISIBILITY = YES;
				SWIFT_VERSION = 5.0;
				TARGETED_DEVICE_FAMILY = "1,2";
				TEST_TARGET_NAME = BrewBot;
			};
			name = Release;
		};
/* End XCBuildConfiguration section */

/* Begin XCConfigurationList section */
		635CA82F2FE6F70200F37D88 /* Build configuration list for PBXProject "BrewBot" */ = {
			isa = XCConfigurationList;
			buildConfigurations = (
				635CA8532FE6F70400F37D88 /* Debug */,
				635CA8542FE6F70400F37D88 /* Release */,
			);
			defaultConfigurationIsVisible = 0;
			defaultConfigurationName = Release;
		};
		635CA8552FE6F70400F37D88 /* Build configuration list for PBXNativeTarget "BrewBot" */ = {
			isa = XCConfigurationList;
			buildConfigurations = (
				635CA8562FE6F70400F37D88 /* Debug */,
				635CA8572FE6F70400F37D88 /* Release */,
			);
			defaultConfigurationIsVisible = 0;
			defaultConfigurationName = Release;
		};
		635CA8582FE6F70400F37D88 /* Build configuration list for PBXNativeTarget "BrewBotTests" */ = {
			isa = XCConfigurationList;
			buildConfigurations = (
				635CA8592FE6F70400F37D88 /* Debug */,
				635CA85A2FE6F70400F37D88 /* Release */,
			);
			defaultConfigurationIsVisible = 0;
			defaultConfigurationName = Release;
		};
		635CA85B2FE6F70400F37D88 /* Build configuration list for PBXNativeTarget "BrewBotUITests" */ = {
			isa = XCConfigurationList;
			buildConfigurations = (
				635CA85C2FE6F70400F37D88 /* Debug */,
				635CA85D2FE6F70400F37D88 /* Release */,
			);
			defaultConfigurationIsVisible = 0;
			defaultConfigurationName = Release;
		};
/* End XCConfigurationList section */

/* Begin XCSwiftPackageProductDependency section */
		637E87DB3008B20C007745D7 /* Core */ = {
			isa = XCSwiftPackageProductDependency;
			productName = Core;
		};
		637E87DD3008B20C007745D7 /* Data */ = {
			isa = XCSwiftPackageProductDependency;
			productName = Data;
		};
		637E87DF3008B20C007745D7 /* Domain */ = {
			isa = XCSwiftPackageProductDependency;
			productName = Domain;
		};
		637E87E13008B20C007745D7 /* Presentation */ = {
			isa = XCSwiftPackageProductDependency;
			productName = Presentation;
		};
/* End XCSwiftPackageProductDependency section */
	};
	rootObject = 635CA82C2FE6F70200F37D88 /* Project object */;
}
